
Microsoft Visual Studio Solution File, Format Version 12.00
# Visual Studio 15
VisualStudioVersion = 15.0.28307.779
MinimumVisualStudioVersion = 10.0.40219.1
Project("{8BC9CEB8-8B4A-11D0-8D11-00A0C91BC942}") = "Engine", "Engine\Engine.vcxproj", "{78FC4E0E-F363-4967-83BB-00F7BA8471D1}"
	ProjectSection(ProjectDependencies) = postProject
		{77DC6921-CEB6-48C5-A710-E5D394EEC56F} = {77DC6921-CEB6-48C5-A710-E5D394EEC56F}
	EndProjectSection
EndProject
Project("{8BC9CEB8-8B4A-11D0-8D11-00A0C91BC942}") = "Core", "Core\Core.vcxproj", "{77DC6921-CEB6-48C5-A710-E5D394EEC56F}"
EndProject
Global
	GlobalSection(SolutionConfigurationPlatforms) = preSolution
		Debug|x64 = Debug|x64
		Debug|x86 = Debug|x86
		Release|x64 = Release|x64
		Release|x86 = Release|x86
	EndGlobalSection
	GlobalSection(ProjectConfigurationPlatforms) = postSolution
		{78FC4E0E-F363-4967-83BB-00F7BA8471D1}.Debug|x64.ActiveCfg = Debug|x64
		{78FC4E0E-F363-4967-83BB-00F7BA8471D1}.Debug|x64.Build.0 = Debug|x64
		{78FC4E0E-F363-4967-83BB-00F7BA8471D1}.Debug|x86.ActiveCfg = Debug|Win32
		{78FC4E0E-F363-4967-83BB-00F7BA8471D1}.Debug|x86.Build.0 = Debug|Win32
		{78FC4E0E-F363-4967-83BB-00F7BA8471D1}.Release|x64.ActiveCfg = Release|x64
		{78FC4E0E-F363-4967-83BB-00F7BA8471D1}.Release|x64.Build.0 = Release|x64
		{78FC4E0E-F363-4967-83BB-00F7BA8471D1}.Release|x86.ActiveCfg = Release|Win32
		{78FC4E0E-F363-4967-83BB-00F7BA8471D1}.Release|x86.Build.0 = Release|Win32
		{77DC6921-CEB6-48C5-A710-E5D394EEC56F}.Debug|x64.ActiveCfg = Debug|x64
		{77DC6921-CEB6-48C5-A710-E5D394EEC56F}.Debug|x64.Build.0 = Debug|x64
		{77DC6921-CEB6-48C5-A710-E5D394EEC56F}.Debug|x86.ActiveCfg = Debug|Win32
		{77DC6921-CEB6-48C5-A710-E5D394EEC56F}.Debug|x86.Build.0 = Debug|Win32
		{77DC6921-CEB6-48C5-A710-E5D394EEC56F}.Release|x64.ActiveCfg = Release|x64
		{77DC6921-CEB6-48C5-A710-E5D394EEC56F}.Release|x64.Build.0 = Release|x64
		{77DC6921-CEB6-48C5-A710-E5D394EEC56F}.Release|x86.ActiveCfg = Release|Win32
		{77DC6921-CEB6-48C5-A710-E5D394EEC56F}.Release|x86.Build.0 = Release|Win32
	EndGlobalSection
	GlobalSection(SolutionProperties) = preSolution
		HideSolutionNode = FALSE
	EndGlobalSection
	GlobalSection(ExtensibilityGlobals) = postSolution
		SolutionGuid = {11A3FA6F-708D-4A54-B513-930E7DA5E774}
	EndGlobalSection
EndGlobal
