<?xml version="1.0" encoding="utf-8"?>
<Project ToolsVersion="4.0" xmlns="http://schemas.microsoft.com/developer/msbuild/2003">
  <ItemGroup>
    <Filter Include="Source Files">
      <UniqueIdentifier>{4FC737F1-C7A5-4376-A066-2A32D752A2FF}</UniqueIdentifier>
      <Extensions>cpp;c;cc;cxx;def;odl;idl;hpj;bat;asm;asmx</Extensions>
    </Filter>
    <Filter Include="Header Files">
      <UniqueIdentifier>{93995380-89BD-4b04-88EB-625FBE52EBFB}</UniqueIdentifier>
      <Extensions>h;hh;hpp;hxx;hm;inl;inc;ipp;xsd</Extensions>
    </Filter>
    <Filter Include="Resource Files">
      <UniqueIdentifier>{67DA6AB6-F800-4c08-8B7A-83BB121AAD01}</UniqueIdentifier>
      <Extensions>rc;ico;cur;bmp;dlg;rc2;rct;bin;rgs;gif;jpg;jpeg;jpe;resx;tiff;tif;png;wav;mfcribbon-ms</Extensions>
    </Filter>
    <Filter Include="Engine">
      <UniqueIdentifier>{ca445617-e151-492f-8874-0550ef31c364}</UniqueIdentifier>
    </Filter>
    <Filter Include="Engine\Render">
      <UniqueIdentifier>{1b1ea0fe-25b3-4a51-9a44-606639618ea4}</UniqueIdentifier>
    </Filter>
    <Filter Include="Engine\Base">
      <UniqueIdentifier>{beb10316-5459-4464-972e-08ed33fdec9b}</UniqueIdentifier>
    </Filter>
    <Filter Include="Engine\Base\Transform">
      <UniqueIdentifier>{fe3f56ee-92da-4bc5-8bc7-9d9d4e6f43a1}</UniqueIdentifier>
    </Filter>
    <Filter Include="Engine\State">
      <UniqueIdentifier>{b78c551c-19ab-47ca-a997-9780ac7ef5b5}</UniqueIdentifier>
    </Filter>
    <Filter Include="Engine\Physics">
      <UniqueIdentifier>{b13ef238-7a69-4d43-bb02-ce2ca8195df1}</UniqueIdentifier>
    </Filter>
    <Filter Include="Engine\Button">
      <UniqueIdentifier>{8d4b3432-99e1-412e-b04b-da003fb2cb78}</UniqueIdentifier>
    </Filter>
    <Filter Include="Engine\Animation">
      <UniqueIdentifier>{6454f4c8-54c1-46e9-a384-b51fad5ec86c}</UniqueIdentifier>
    </Filter>
    <Filter Include="Engine\Render\Utilities">
      <UniqueIdentifier>{731a9685-335a-40b9-80fe-dad17de8d728}</UniqueIdentifier>
    </Filter>
    <Filter Include="Engine\Render\Text">
      <UniqueIdentifier>{eb580ec2-4f95-4ad2-a6d3-7624ceb2f35a}</UniqueIdentifier>
    </Filter>
    <Filter Include="Engine\Sprite Animation">
      <UniqueIdentifier>{6cecf106-1e7f-4279-96e5-99be757c586b}</UniqueIdentifier>
    </Filter>
    <Filter Include="Engine\Particles">
      <UniqueIdentifier>{6f867f1d-9858-4a4e-8357-5b76acc1e9e7}</UniqueIdentifier>
    </Filter>
    <Filter Include="Assets">
      <UniqueIdentifier>{c5ba01b0-aca4-433d-96d0-1f9516f79e60}</UniqueIdentifier>
    </Filter>
    <Filter Include="Assets\Scripts">
      <UniqueIdentifier>{8c27ff49-8065-4e56-9eb9-c907cbbcbc60}</UniqueIdentifier>
    </Filter>
    <Filter Include="Assets\Scenes">
      <UniqueIdentifier>{254b132c-5b0a-4253-ba78-712a52f0c797}</UniqueIdentifier>
    </Filter>
    <Filter Include="Assets\Scenes\Title">
      <UniqueIdentifier>{75342c16-563d-47d8-982e-9ae5ea4ce302}</UniqueIdentifier>
    </Filter>
    <Filter Include="Assets\Scripts\Common">
      <UniqueIdentifier>{63b9d320-41aa-40d8-934c-514d986d3cf6}</UniqueIdentifier>
    </Filter>
    <Filter Include="Assets\Scripts\Common\UI">
      <UniqueIdentifier>{a629f47c-d2bc-4a27-800b-7564890e3a76}</UniqueIdentifier>
    </Filter>
    <Filter Include="Assets\Scripts\Common\Mouse">
      <UniqueIdentifier>{c9c4dcfc-6d11-481c-8f10-a0424b58891e}</UniqueIdentifier>
    </Filter>
    <Filter Include="Assets\Scripts\Title">
      <UniqueIdentifier>{43bad25f-669f-426a-bd0b-fd500975463d}</UniqueIdentifier>
    </Filter>
    <Filter Include="Application">
      <UniqueIdentifier>{96b7720e-6a7f-4034-b300-3807cf53bbe7}</UniqueIdentifier>
    </Filter>
    <Filter Include="Application\Input">
      <UniqueIdentifier>{668cf806-6830-4f9b-82cd-e18f59c60868}</UniqueIdentifier>
    </Filter>
    <Filter Include="Application\UIManagers">
      <UniqueIdentifier>{5211ae78-7534-4247-89ac-2c245d175e92}</UniqueIdentifier>
    </Filter>
    <Filter Include="Application\Scripting">
      <UniqueIdentifier>{5550feda-31c9-4a1c-9329-0ece8079b3f8}</UniqueIdentifier>
    </Filter>
    <Filter Include="Application\Scene">
      <UniqueIdentifier>{8140c76b-a830-47b4-b984-b37e5e8896ff}</UniqueIdentifier>
    </Filter>
    <Filter Include="Application\Time">
      <UniqueIdentifier>{e1534a0c-a3f4-49dc-b515-0ec84cd411bf}</UniqueIdentifier>
    </Filter>
    <Filter Include="Engine\Render\Renderers">
      <UniqueIdentifier>{ef12592a-0374-4fa0-a9ef-e3fccbbf75e8}</UniqueIdentifier>
    </Filter>
    <Filter Include="Engine\Render\Components">
      <UniqueIdentifier>{e9af40a5-43d5-4c56-a67d-315df88acea7}</UniqueIdentifier>
    </Filter>
    <Filter Include="Engine\Render\Materials">
      <UniqueIdentifier>{747ebfe5-6c49-4a9c-8281-5c8d923d3f65}</UniqueIdentifier>
    </Filter>
    <Filter Include="Assets\Materials">
      <UniqueIdentifier>{946e004f-350a-4b2f-b589-5dd0ea744569}</UniqueIdentifier>
    </Filter>
    <Filter Include="Assets\Scripts\Common\FPSCamera">
      <UniqueIdentifier>{4f40516b-2ef3-4ef1-b51b-1dc1a27617f5}</UniqueIdentifier>
    </Filter>
    <Filter Include="Assets\Scenes\Sample">
      <UniqueIdentifier>{fdcd3e26-cdf1-4245-b964-61a7be0d27a1}</UniqueIdentifier>
    </Filter>
  </ItemGroup>
  <ItemGroup>
    <ClCompile Include="Application.cpp">
      <Filter>Application</Filter>
    </ClCompile>
    <ClCompile Include="Window.cpp">
      <Filter>Application</Filter>
    </ClCompile>
    <ClCompile Include="Scene.cpp">
      <Filter>Application\Scene</Filter>
    </ClCompile>
    <ClCompile Include="SceneManager.cpp">
      <Filter>Application\Scene</Filter>
    </ClCompile>
    <ClCompile Include="EntityManager.cpp">
      <Filter>Engine\Base</Filter>
    </ClCompile>
    <ClCompile Include="Component.cpp">
      <Filter>Engine\Base</Filter>
    </ClCompile>
    <ClCompile Include="System.cpp">
      <Filter>Engine\Base</Filter>
    </ClCompile>
    <ClCompile Include="SystemManager.cpp">
      <Filter>Engine\Base</Filter>
    </ClCompile>
    <ClCompile Include="RenderSystem.cpp">
      <Filter>Engine\Render</Filter>
    </ClCompile>
    <ClCompile Include="Camera.cpp">
      <Filter>Engine\Render</Filter>
    </ClCompile>
    <ClCompile Include="Shader.cpp">
      <Filter>Engine\Render</Filter>
    </ClCompile>
    <ClCompile Include="Framebuffer.cpp">
      <Filter>Engine\Render</Filter>
    </ClCompile>
    <ClCompile Include="TransformComparator.cpp">
      <Filter>Engine\Base\Transform</Filter>
    </ClCompile>
    <ClCompile Include="TransformSystem.cpp">
      <Filter>Engine\Base\Transform</Filter>
    </ClCompile>
    <ClCompile Include="Transform.cpp">
      <Filter>Engine\Base\Transform</Filter>
    </ClCompile>
    <ClCompile Include="StateContainer.cpp">
      <Filter>Engine\State</Filter>
    </ClCompile>
    <ClCompile Include="StateMachine.cpp">
      <Filter>Engine\State</Filter>
    </ClCompile>
    <ClCompile Include="Collider.cpp">
      <Filter>Engine\Physics</Filter>
    </ClCompile>
    <ClCompile Include="Button.cpp">
      <Filter>Engine\Button</Filter>
    </ClCompile>
    <ClCompile Include="ButtonSystem.cpp">
      <Filter>Engine\Button</Filter>
    </ClCompile>
    <ClCompile Include="ColliderSystem.cpp">
      <Filter>Engine\Physics</Filter>
    </ClCompile>
    <ClCompile Include="Particle.cpp">
      <Filter>Engine\Particles</Filter>
    </ClCompile>
    <ClCompile Include="ParticleEmitter.cpp">
      <Filter>Engine\Particles</Filter>
    </ClCompile>
    <ClCompile Include="ParticleSystem.cpp">
      <Filter>Engine\Particles</Filter>
    </ClCompile>
    <ClCompile Include="Animation.cpp">
      <Filter>Engine\Animation</Filter>
    </ClCompile>
    <ClCompile Include="AnimationSystem.cpp">
      <Filter>Engine\Animation</Filter>
    </ClCompile>
    <ClCompile Include="InputController.cpp">
      <Filter>Application\Input</Filter>
    </ClCompile>
    <ClCompile Include="main.cpp">
      <Filter>Source Files</Filter>
    </ClCompile>
    <ClCompile Include="TitleScene.cpp">
      <Filter>Assets\Scenes\Title</Filter>
    </ClCompile>
    <ClCompile Include="LoadFNT.cpp">
      <Filter>Engine\Render\Utilities</Filter>
    </ClCompile>
    <ClCompile Include="LoadTGA.cpp">
      <Filter>Engine\Render\Utilities</Filter>
    </ClCompile>
    <ClCompile Include="Text.cpp">
      <Filter>Engine\Render\Text</Filter>
    </ClCompile>
    <ClCompile Include="SpriteAnimation.cpp">
      <Filter>Engine\Sprite Animation</Filter>
    </ClCompile>
    <ClCompile Include="SpriteAnimationSystem.cpp">
      <Filter>Engine\Sprite Animation</Filter>
    </ClCompile>
    <ClCompile Include="SpriteAnimationData.cpp">
      <Filter>Engine\Sprite Animation</Filter>
    </ClCompile>
    <ClCompile Include="Keyframe.cpp">
      <Filter>Engine\Sprite Animation</Filter>
    </ClCompile>
    <ClCompile Include="Physics.cpp">
      <Filter>Engine\Physics</Filter>
    </ClCompile>
    <ClCompile Include="PhysicsSystem.cpp">
      <Filter>Engine\Physics</Filter>
    </ClCompile>
    <ClCompile Include="UITextFieldManager.cpp">
      <Filter>Application\UIManagers</Filter>
    </ClCompile>
    <ClCompile Include="ScriptSystem.cpp">
      <Filter>Application\Scripting</Filter>
    </ClCompile>
    <ClCompile Include="Script.cpp">
      <Filter>Application\Scripting</Filter>
    </ClCompile>
    <ClCompile Include="ButtonAnimation.cpp">
      <Filter>Assets\Scripts\Common\UI</Filter>
    </ClCompile>
    <ClCompile Include="FollowCursor.cpp">
      <Filter>Assets\Scripts\Common\Mouse</Filter>
    </ClCompile>
    <ClCompile Include="TitleTransition.cpp">
      <Filter>Assets\Scripts\Title</Filter>
    </ClCompile>
    <ClCompile Include="Renderer.cpp">
      <Filter>Engine\Render\Renderers</Filter>
    </ClCompile>
    <ClCompile Include="LineRenderer.cpp">
      <Filter>Engine\Render\Renderers</Filter>
    </ClCompile>
    <ClCompile Include="TextRenderer.cpp">
      <Filter>Engine\Render\Renderers</Filter>
    </ClCompile>
    <ClCompile Include="SpriteRenderer.cpp">
      <Filter>Engine\Render\Renderers</Filter>
    </ClCompile>
    <ClCompile Include="SpriteRender.cpp">
      <Filter>Engine\Render\Components</Filter>
    </ClCompile>
    <ClCompile Include="Material.cpp">
      <Filter>Engine\Render\Materials</Filter>
    </ClCompile>
    <ClCompile Include="LineRender.cpp">
      <Filter>Engine\Render\Components</Filter>
    </ClCompile>
    <ClCompile Include="SpriteDefaultMaterial.cpp">
      <Filter>Engine\Render\Materials</Filter>
    </ClCompile>
    <ClCompile Include="LineDefaultMaterial.cpp">
      <Filter>Engine\Render\Materials</Filter>
    </ClCompile>
    <ClCompile Include="InvertMaterial.cpp">
      <Filter>Assets\Materials</Filter>
    </ClCompile>
    <ClCompile Include="FPSCamera.cpp">
      <Filter>Assets\Scripts\Common\FPSCamera</Filter>
    </ClCompile>
    <ClCompile Include="SampleScene.cpp">
      <Filter>Assets\Scenes\Sample</Filter>
    </ClCompile>
  </ItemGroup>
  <ItemGroup>
    <ClInclude Include="Application.h">
      <Filter>Application</Filter>
    </ClInclude>
    <ClInclude Include="Window.h">
      <Filter>Application</Filter>
    </ClInclude>
    <ClInclude Include="SceneManager.h">
      <Filter>Application\Scene</Filter>
    </ClInclude>
    <ClInclude Include="Scene.h">
      <Filter>Application\Scene</Filter>
    </ClInclude>
    <ClInclude Include="Component.h">
      <Filter>Engine\Base</Filter>
    </ClInclude>
    <ClInclude Include="EntityManager.h">
      <Filter>Engine\Base</Filter>
    </ClInclude>
    <ClInclude Include="SystemManager.h">
      <Filter>Engine\Base</Filter>
    </ClInclude>
    <ClInclude Include="System.h">
      <Filter>Engine\Base</Filter>
    </ClInclude>
    <ClInclude Include="RenderSystem.h">
      <Filter>Engine\Render</Filter>
    </ClInclude>
    <ClInclude Include="Camera.h">
      <Filter>Engine\Render</Filter>
    </ClInclude>
    <ClInclude Include="Shader.h">
      <Filter>Engine\Render</Filter>
    </ClInclude>
    <ClInclude Include="Framebuffer.h">
      <Filter>Engine\Render</Filter>
    </ClInclude>
    <ClInclude Include="TransformSystem.h">
      <Filter>Engine\Base\Transform</Filter>
    </ClInclude>
    <ClInclude Include="Transform.h">
      <Filter>Engine\Base\Transform</Filter>
    </ClInclude>
    <ClInclude Include="TransformComparator.h">
      <Filter>Engine\Base\Transform</Filter>
    </ClInclude>
    <ClInclude Include="State.h">
      <Filter>Engine\State</Filter>
    </ClInclude>
    <ClInclude Include="StateMachine.h">
      <Filter>Engine\State</Filter>
    </ClInclude>
    <ClInclude Include="StateContainer.h">
      <Filter>Engine\State</Filter>
    </ClInclude>
    <ClInclude Include="Collider.h">
      <Filter>Engine\Physics</Filter>
    </ClInclude>
    <ClInclude Include="Button.h">
      <Filter>Engine\Button</Filter>
    </ClInclude>
    <ClInclude Include="ButtonSystem.h">
      <Filter>Engine\Button</Filter>
    </ClInclude>
    <ClInclude Include="ColliderSystem.h">
      <Filter>Engine\Physics</Filter>
    </ClInclude>
    <ClInclude Include="Particle.h">
      <Filter>Engine\Particles</Filter>
    </ClInclude>
    <ClInclude Include="ParticleEmitter.h">
      <Filter>Engine\Particles</Filter>
    </ClInclude>
    <ClInclude Include="ParticleSystem.h">
      <Filter>Engine\Particles</Filter>
    </ClInclude>
    <ClInclude Include="Animation.h">
      <Filter>Engine\Animation</Filter>
    </ClInclude>
    <ClInclude Include="AnimationSystem.h">
      <Filter>Engine\Animation</Filter>
    </ClInclude>
    <ClInclude Include="InputController.h">
      <Filter>Application\Input</Filter>
    </ClInclude>
    <ClInclude Include="TitleScene.h">
      <Filter>Assets\Scenes\Title</Filter>
    </ClInclude>
    <ClInclude Include="LoadFNT.h">
      <Filter>Engine\Render\Utilities</Filter>
    </ClInclude>
    <ClInclude Include="LoadTGA.h">
      <Filter>Engine\Render\Utilities</Filter>
    </ClInclude>
    <ClInclude Include="Text.h">
      <Filter>Engine\Render\Text</Filter>
    </ClInclude>
    <ClInclude Include="Font.h">
      <Filter>Engine\Render\Text</Filter>
    </ClInclude>
    <ClInclude Include="SpriteAnimation.h">
      <Filter>Engine\Sprite Animation</Filter>
    </ClInclude>
    <ClInclude Include="SpriteAnimationSystem.h">
      <Filter>Engine\Sprite Animation</Filter>
    </ClInclude>
    <ClInclude Include="SpriteAnimationData.h">
      <Filter>Engine\Sprite Animation</Filter>
    </ClInclude>
    <ClInclude Include="Keyframe.h">
      <Filter>Engine\Sprite Animation</Filter>
    </ClInclude>
    <ClInclude Include="Physics.h">
      <Filter>Engine\Physics</Filter>
    </ClInclude>
    <ClInclude Include="PhysicsSystem.h">
      <Filter>Engine\Physics</Filter>
    </ClInclude>
    <ClInclude Include="UITextFieldManager.h">
      <Filter>Application\UIManagers</Filter>
    </ClInclude>
    <ClInclude Include="InputEvents.h">
      <Filter>Application\Input</Filter>
    </ClInclude>
    <ClInclude Include="ScriptSystem.h">
      <Filter>Application\Scripting</Filter>
    </ClInclude>
    <ClInclude Include="Script.h">
      <Filter>Application\Scripting</Filter>
    </ClInclude>
    <ClInclude Include="ButtonAnimation.h">
      <Filter>Assets\Scripts\Common\UI</Filter>
    </ClInclude>
    <ClInclude Include="ScriptTemplate.h">
      <Filter>Assets\Scripts</Filter>
    </ClInclude>
    <ClInclude Include="FollowCursor.h">
      <Filter>Assets\Scripts\Common\Mouse</Filter>
    </ClInclude>
    <ClInclude Include="TitleTransition.h">
      <Filter>Assets\Scripts\Title</Filter>
    </ClInclude>
    <ClInclude Include="Time.h">
      <Filter>Application\Time</Filter>
    </ClInclude>
    <ClInclude Include="Renderer.h">
      <Filter>Engine\Render\Renderers</Filter>
    </ClInclude>
    <ClInclude Include="LineRenderer.h">
      <Filter>Engine\Render\Renderers</Filter>
    </ClInclude>
    <ClInclude Include="TextRenderer.h">
      <Filter>Engine\Render\Renderers</Filter>
    </ClInclude>
    <ClInclude Include="SpriteRenderer.h">
      <Filter>Engine\Render\Renderers</Filter>
    </ClInclude>
    <ClInclude Include="SpriteRender.h">
      <Filter>Engine\Render\Components</Filter>
    </ClInclude>
    <ClInclude Include="Layers.h">
      <Filter>Engine</Filter>
    </ClInclude>
    <ClInclude Include="Material.h">
      <Filter>Engine\Render\Materials</Filter>
    </ClInclude>
    <ClInclude Include="SpriteDefaultMaterial.h">
      <Filter>Engine\Render\Materials</Filter>
    </ClInclude>
    <ClInclude Include="LineRender.h">
      <Filter>Engine\Render\Components</Filter>
    </ClInclude>
    <ClInclude Include="LineDefaultMaterial.h">
      <Filter>Engine\Render\Materials</Filter>
    </ClInclude>
    <ClInclude Include="InvertMaterial.h">
      <Filter>Assets\Materials</Filter>
    </ClInclude>
    <ClInclude Include="FPSCamera.h">
      <Filter>Assets\Scripts\Common\FPSCamera</Filter>
    </ClInclude>
    <ClInclude Include="SampleScene.h">
      <Filter>Assets\Scenes\Sample</Filter>
    </ClInclude>
  </ItemGroup>
  <ItemGroup>
    <Text Include="TODO.txt">
      <Filter>Resource Files</Filter>
    </Text>
  </ItemGroup>
  <ItemGroup>
    <None Include="Files\Data\graph.csv">
      <Filter>Resource Files</Filter>
    </None>
  </ItemGroup>
</Project>